// !$*UTF8*$!
{
	archiveVersion = 1;
	classes = {
	};
	objectVersion = 50;
	objects = {

/* Begin PBXBuildFile section */
		BA5105E124D40B0600A98B77 /* DataModel.xcdatamodeld in Sources */ = {isa = PBXBuildFile; fileRef = BA5105DF24D40B0600A98B77 /* DataModel.xcdatamodeld */; };
		BA5105E324D40BCF00A98B77 /* CoreDataService.swift in Sources */ = {isa = PBXBuildFile; fileRef = BA5105E224D40BCF00A98B77 /* CoreDataService.swift */; };
		BA5105E524D429D500A98B77 /* InternetConnectionService.swift in Sources */ = {isa = PBXBuildFile; fileRef = BA5105E424D429D500A98B77 /* InternetConnectionService.swift */; };
		BAD9085924D1CD5400D447A0 /* AppDelegate.swift in Sources */ = {isa = PBXBuildFile; fileRef = BAD9085824D1CD5400D447A0 /* AppDelegate.swift */; };
		BAD9085B24D1CD5400D447A0 /* SceneDelegate.swift in Sources */ = {isa = PBXBuildFile; fileRef = BAD9085A24D1CD5400D447A0 /* SceneDelegate.swift */; };
		BAD9085D24D1CD5400D447A0 /* ForecastViewController.swift in Sources */ = {isa = PBXBuildFile; fileRef = BAD9085C24D1CD5400D447A0 /* ForecastViewController.swift */; };
		BAD9086024D1CD5400D447A0 /* Main.storyboard in Resources */ = {isa = PBXBuildFile; fileRef = BAD9085E24D1CD5400D447A0 /* Main.storyboard */; };
		BAD9086224D1CD5900D447A0 /* Assets.xcassets in Resources */ = {isa = PBXBuildFile; fileRef = BAD9086124D1CD5900D447A0 /* Assets.xcassets */; };
		BAD9086524D1CD5900D447A0 /* LaunchScreen.storyboard in Resources */ = {isa = PBXBuildFile; fileRef = BAD9086324D1CD5900D447A0 /* LaunchScreen.storyboard */; };
		BAD9086E24D1DDEC00D447A0 /* MainView.swift in Sources */ = {isa = PBXBuildFile; fileRef = BAD9086D24D1DDEC00D447A0 /* MainView.swift */; };
		BAD9087024D1DE0D00D447A0 /* TableViewCell.swift in Sources */ = {isa = PBXBuildFile; fileRef = BAD9086F24D1DE0D00D447A0 /* TableViewCell.swift */; };
		BAD9087824D29ECC00D447A0 /* NetworkService.swift in Sources */ = {isa = PBXBuildFile; fileRef = BAD9087724D29ECC00D447A0 /* NetworkService.swift */; };
		BAD9087A24D29FFD00D447A0 /* Forecast.swift in Sources */ = {isa = PBXBuildFile; fileRef = BAD9087924D29FFD00D447A0 /* Forecast.swift */; };
		BAD9087C24D2A08500D447A0 /* APIConstants.swift in Sources */ = {isa = PBXBuildFile; fileRef = BAD9087B24D2A08500D447A0 /* APIConstants.swift */; };
		BAD9087E24D2CF1D00D447A0 /* Errors.swift in Sources */ = {isa = PBXBuildFile; fileRef = BAD9087D24D2CF1D00D447A0 /* Errors.swift */; };
/* End PBXBuildFile section */

/* Begin PBXFileReference section */
		BA5105E024D40B0600A98B77 /* DataModel.xcdatamodel */ = {isa = PBXFileReference; lastKnownFileType = wrapper.xcdatamodel; path = DataModel.xcdatamodel; sourceTree = "<group>"; };
		BA5105E224D40BCF00A98B77 /* CoreDataService.swift */ = {isa = PBXFileReference; lastKnownFileType = sourcecode.swift; path = CoreDataService.swift; sourceTree = "<group>"; };
		BA5105E424D429D500A98B77 /* InternetConnectionService.swift */ = {isa = PBXFileReference; lastKnownFileType = sourcecode.swift; path = InternetConnectionService.swift; sourceTree = "<group>"; };
		BAD9085524D1CD5400D447A0 /* Weather.app */ = {isa = PBXFileReference; explicitFileType = wrapper.application; includeInIndex = 0; path = Weather.app; sourceTree = BUILT_PRODUCTS_DIR; };
		BAD9085824D1CD5400D447A0 /* AppDelegate.swift */ = {isa = PBXFileReference; lastKnownFileType = sourcecode.swift; path = AppDelegate.swift; sourceTree = "<group>"; };
		BAD9085A24D1CD5400D447A0 /* SceneDelegate.swift */ = {isa = PBXFileReference; lastKnownFileType = sourcecode.swift; path = SceneDelegate.swift; sourceTree = "<group>"; };
		BAD9085C24D1CD5400D447A0 /* ForecastViewController.swift */ = {isa = PBXFileReference; lastKnownFileType = sourcecode.swift; path = ForecastViewController.swift; sourceTree = "<group>"; };
		BAD9085F24D1CD5400D447A0 /* Base */ = {isa = PBXFileReference; lastKnownFileType = file.storyboard; name = Base; path = Base.lproj/Main.storyboard; sourceTree = "<group>"; };
		BAD9086124D1CD5900D447A0 /* Assets.xcassets */ = {isa = PBXFileReference; lastKnownFileType = folder.assetcatalog; path = Assets.xcassets; sourceTree = "<group>"; };
		BAD9086424D1CD5900D447A0 /* Base */ = {isa = PBXFileReference; lastKnownFileType = file.storyboard; name = Base; path = Base.lproj/LaunchScreen.storyboard; sourceTree = "<group>"; };
		BAD9086624D1CD5900D447A0 /* Info.plist */ = {isa = PBXFileReference; lastKnownFileType = text.plist.xml; path = Info.plist; sourceTree = "<group>"; };
		BAD9086D24D1DDEC00D447A0 /* MainView.swift */ = {isa = PBXFileReference; lastKnownFileType = sourcecode.swift; path = MainView.swift; sourceTree = "<group>"; };
		BAD9086F24D1DE0D00D447A0 /* TableViewCell.swift */ = {isa = PBXFileReference; lastKnownFileType = sourcecode.swift; path = TableViewCell.swift; sourceTree = "<group>"; };
		BAD9087724D29ECC00D447A0 /* NetworkService.swift */ = {isa = PBXFileReference; lastKnownFileType = sourcecode.swift; path = NetworkService.swift; sourceTree = "<group>"; };
		BAD9087924D29FFD00D447A0 /* Forecast.swift */ = {isa = PBXFileReference; lastKnownFileType = sourcecode.swift; path = Forecast.swift; sourceTree = "<group>"; };
		BAD9087B24D2A08500D447A0 /* APIConstants.swift */ = {isa = PBXFileReference; lastKnownFileType = sourcecode.swift; path = APIConstants.swift; sourceTree = "<group>"; };
		BAD9087D24D2CF1D00D447A0 /* Errors.swift */ = {isa = PBXFileReference; lastKnownFileType = sourcecode.swift; path = Errors.swift; sourceTree = "<group>"; };
/* End PBXFileReference section */

/* Begin PBXFrameworksBuildPhase section */
		BAD9085224D1CD5400D447A0 /* Frameworks */ = {
			isa = PBXFrameworksBuildPhase;
			buildActionMask = 2147483647;
			files = (
			);
			runOnlyForDeploymentPostprocessing = 0;
		};
/* End PBXFrameworksBuildPhase section */

/* Begin PBXGroup section */
		BAD9084C24D1CD5400D447A0 = {
			isa = PBXGroup;
			children = (
				BAD9085724D1CD5400D447A0 /* WeatherApp */,
				BAD9085624D1CD5400D447A0 /* Products */,
			);
			sourceTree = "<group>";
		};
		BAD9085624D1CD5400D447A0 /* Products */ = {
			isa = PBXGroup;
			children = (
				BAD9085524D1CD5400D447A0 /* Weather.app */,
			);
			name = Products;
			sourceTree = "<group>";
		};
		BAD9085724D1CD5400D447A0 /* WeatherApp */ = {
			isa = PBXGroup;
			children = (
				BAD9087324D1E43700D447A0 /* Model */,
				BAD9087424D1E43B00D447A0 /* View */,
				BAD9087524D1E44000D447A0 /* Controller */,
				BAD9087624D29EBB00D447A0 /* Services */,
				BAD9086C24D1DC8200D447A0 /* Supporting files */,
			);
			path = WeatherApp;
			sourceTree = "<group>";
		};
		BAD9086C24D1DC8200D447A0 /* Supporting files */ = {
			isa = PBXGroup;
			children = (
				BA5105DF24D40B0600A98B77 /* DataModel.xcdatamodeld */,
				BAD9086324D1CD5900D447A0 /* LaunchScreen.storyboard */,
				BAD9086624D1CD5900D447A0 /* Info.plist */,
				BAD9085824D1CD5400D447A0 /* AppDelegate.swift */,
				BAD9085A24D1CD5400D447A0 /* SceneDelegate.swift */,
				BAD9086124D1CD5900D447A0 /* Assets.xcassets */,
			);
			path = "Supporting files";
			sourceTree = "<group>";
		};
		BAD9087324D1E43700D447A0 /* Model */ = {
			isa = PBXGroup;
			children = (
				BAD9087B24D2A08500D447A0 /* APIConstants.swift */,
				BAD9087924D29FFD00D447A0 /* Forecast.swift */,
				BAD9087D24D2CF1D00D447A0 /* Errors.swift */,
			);
			path = Model;
			sourceTree = "<group>";
		};
		BAD9087424D1E43B00D447A0 /* View */ = {
			isa = PBXGroup;
			children = (
				BAD9085E24D1CD5400D447A0 /* Main.storyboard */,
				BAD9086D24D1DDEC00D447A0 /* MainView.swift */,
				BAD9086F24D1DE0D00D447A0 /* TableViewCell.swift */,
			);
			path = View;
			sourceTree = "<group>";
		};
		BAD9087524D1E44000D447A0 /* Controller */ = {
			isa = PBXGroup;
			children = (
				BAD9085C24D1CD5400D447A0 /* ForecastViewController.swift */,
			);
			path = Controller;
			sourceTree = "<group>";
		};
		BAD9087624D29EBB00D447A0 /* Services */ = {
			isa = PBXGroup;
			children = (
				BAD9087724D29ECC00D447A0 /* NetworkService.swift */,
				BA5105E224D40BCF00A98B77 /* CoreDataService.swift */,
				BA5105E424D429D500A98B77 /* InternetConnectionService.swift */,
			);
			path = Services;
			sourceTree = "<group>";
		};
/* End PBXGroup section */

/* Begin PBXNativeTarget section */
		BAD9085424D1CD5400D447A0 /* WeatherApp */ = {
			isa = PBXNativeTarget;
			buildConfigurationList = BAD9086924D1CD5900D447A0 /* Build configuration list for PBXNativeTarget "WeatherApp" */;
			buildPhases = (
				BAD9085124D1CD5400D447A0 /* Sources */,
				BAD9085224D1CD5400D447A0 /* Frameworks */,
				BAD9085324D1CD5400D447A0 /* Resources */,
			);
			buildRules = (
			);
			dependencies = (
			);
			name = WeatherApp;
			productName = WeatherApp;
			productReference = BAD9085524D1CD5400D447A0 /* Weather.app */;
			productType = "com.apple.product-type.application";
		};
/* End PBXNativeTarget section */

/* Begin PBXProject section */
		BAD9084D24D1CD5400D447A0 /* Project object */ = {
			isa = PBXProject;
			attributes = {
				LastSwiftUpdateCheck = 1160;
				LastUpgradeCheck = 1160;
				ORGANIZATIONNAME = Artemiy;
				TargetAttributes = {
					BAD9085424D1CD5400D447A0 = {
						CreatedOnToolsVersion = 11.6;
					};
				};
			};
			buildConfigurationList = BAD9085024D1CD5400D447A0 /* Build configuration list for PBXProject "WeatherApp" */;
			compatibilityVersion = "Xcode 9.3";
			developmentRegion = en;
			hasScannedForEncodings = 0;
			knownRegions = (
				en,
				Base,
			);
			mainGroup = BAD9084C24D1CD5400D447A0;
			productRefGroup = BAD9085624D1CD5400D447A0 /* Products */;
			projectDirPath = "";
			projectRoot = "";
			targets = (
				BAD9085424D1CD5400D447A0 /* WeatherApp */,
			);
		};
/* End PBXProject section */

/* Begin PBXResourcesBuildPhase section */
		BAD9085324D1CD5400D447A0 /* Resources */ = {
			isa = PBXResourcesBuildPhase;
			buildActionMask = 2147483647;
			files = (
				BAD9086524D1CD5900D447A0 /* LaunchScreen.storyboard in Resources */,
				BAD9086224D1CD5900D447A0 /* Assets.xcassets in Resources */,
				BAD9086024D1CD5400D447A0 /* Main.storyboard in Resources */,
			);
			runOnlyForDeploymentPostprocessing = 0;
		};
/* End PBXResourcesBuildPhase section */

/* Begin PBXSourcesBuildPhase section */
		BAD9085124D1CD5400D447A0 /* Sources */ = {
			isa = PBXSourcesBuildPhase;
			buildActionMask = 2147483647;
			files = (
				BA5105E524D429D500A98B77 /* InternetConnectionService.swift in Sources */,
				BAD9087024D1DE0D00D447A0 /* TableViewCell.swift in Sources */,
				BA5105E124D40B0600A98B77 /* DataModel.xcdatamodeld in Sources */,
				BAD9086E24D1DDEC00D447A0 /* MainView.swift in Sources */,
				BAD9087A24D29FFD00D447A0 /* Forecast.swift in Sources */,
				BAD9085D24D1CD5400D447A0 /* ForecastViewController.swift in Sources */,
				BAD9087C24D2A08500D447A0 /* APIConstants.swift in Sources */,
				BAD9085924D1CD5400D447A0 /* AppDelegate.swift in Sources */,
				BAD9087824D29ECC00D447A0 /* NetworkService.swift in Sources */,
				BA5105E324D40BCF00A98B77 /* CoreDataService.swift in Sources */,
				BAD9087E24D2CF1D00D447A0 /* Errors.swift in Sources */,
				BAD9085B24D1CD5400D447A0 /* SceneDelegate.swift in Sources */,
			);
			runOnlyForDeploymentPostprocessing = 0;
		};
/* End PBXSourcesBuildPhase section */

/* Begin PBXVariantGroup section */
		BAD9085E24D1CD5400D447A0 /* Main.storyboard */ = {
			isa = PBXVariantGroup;
			children = (
				BAD9085F24D1CD5400D447A0 /* Base */,
			);
			name = Main.storyboard;
			sourceTree = "<group>";
		};
		BAD9086324D1CD5900D447A0 /* LaunchScreen.storyboard */ = {
			isa = PBXVariantGroup;
			children = (
				BAD9086424D1CD5900D447A0 /* Base */,
			);
			name = LaunchScreen.storyboard;
			sourceTree = "<group>";
		};
/* End PBXVariantGroup section */

/* Begin XCBuildConfiguration section */
		BAD9086724D1CD5900D447A0 /* Debug */ = {
			isa = XCBuildConfiguration;
			buildSettings = {
				ALWAYS_SEARCH_USER_PATHS = NO;
				CLANG_ANALYZER_NONNULL = YES;
				CLANG_ANALYZER_NUMBER_OBJECT_CONVERSION = YES_AGGRESSIVE;
				CLANG_CXX_LANGUAGE_STANDARD = "gnu++14";
				CLANG_CXX_LIBRARY = "libc++";
				CLANG_ENABLE_MODULES = YES;
				CLANG_ENABLE_OBJC_ARC = YES;
				CLANG_ENABLE_OBJC_WEAK = YES;
				CLANG_WARN_BLOCK_CAPTURE_AUTORELEASING = YES;
				CLANG_WARN_BOOL_CONVERSION = YES;
				CLANG_WARN_COMMA = YES;
				CLANG_WARN_CONSTANT_CONVERSION = YES;
				CLANG_WARN_DEPRECATED_OBJC_IMPLEMENTATIONS = YES;
				CLANG_WARN_DIRECT_OBJC_ISA_USAGE = YES_ERROR;
				CLANG_WARN_DOCUMENTATION_COMMENTS = YES;
				CLANG_WARN_EMPTY_BODY = YES;
				CLANG_WARN_ENUM_CONVERSION = YES;
				CLANG_WARN_INFINITE_RECURSION = YES;
				CLANG_WARN_INT_CONVERSION = YES;
				CLANG_WARN_NON_LITERAL_NULL_CONVERSION = YES;
				CLANG_WARN_OBJC_IMPLICIT_RETAIN_SELF = YES;
				CLANG_WARN_OBJC_LITERAL_CONVERSION = YES;
				CLANG_WARN_OBJC_ROOT_CLASS = YES_ERROR;
				CLANG_WARN_RANGE_LOOP_ANALYSIS = YES;
				CLANG_WARN_STRICT_PROTOTYPES = YES;
				CLANG_WARN_SUSPICIOUS_MOVE = YES;
				CLANG_WARN_UNGUARDED_AVAILABILITY = YES_AGGRESSIVE;
				CLANG_WARN_UNREACHABLE_CODE = YES;
				CLANG_WARN__DUPLICATE_METHOD_MATCH = YES;
				COPY_PHASE_STRIP = NO;
				DEBUG_INFORMATION_FORMAT = dwarf;
				ENABLE_STRICT_OBJC_MSGSEND = YES;
				ENABLE_TESTABILITY = YES;
				GCC_C_LANGUAGE_STANDARD = gnu11;
				GCC_DYNAMIC_NO_PIC = NO;
				GCC_NO_COMMON_BLOCKS = YES;
				GCC_OPTIMIZATION_LEVEL = 0;
				GCC_PREPROCESSOR_DEFINITIONS = (
					"DEBUG=1",
					"$(inherited)",
				);
				GCC_WARN_64_TO_32_BIT_CONVERSION = YES;
				GCC_WARN_ABOUT_RETURN_TYPE = YES_ERROR;
				GCC_WARN_UNDECLARED_SELECTOR = YES;
				GCC_WARN_UNINITIALIZED_AUTOS = YES_AGGRESSIVE;
				GCC_WARN_UNUSED_FUNCTION = YES;
				GCC_WARN_UNUSED_VARIABLE = YES;
				IPHONEOS_DEPLOYMENT_TARGET = 13.6;
				MTL_ENABLE_DEBUG_INFO = INCLUDE_SOURCE;
				MTL_FAST_MATH = YES;
				ONLY_ACTIVE_ARCH = YES;
				SDKROOT = iphoneos;
				SWIFT_ACTIVE_COMPILATION_CONDITIONS = DEBUG;
				SWIFT_OPTIMIZATION_LEVEL = "-Onone";
			};
			name = Debug;
		};
		BAD9086824D1CD5900D447A0 /* Release */ = {
			isa = XCBuildConfiguration;
			buildSettings = {
				ALWAYS_SEARCH_USER_PATHS = NO;
				CLANG_ANALYZER_NONNULL = YES;
				CLANG_ANALYZER_NUMBER_OBJECT_CONVERSION = YES_AGGRESSIVE;
				CLANG_CXX_LANGUAGE_STANDARD = "gnu++14";
				CLANG_CXX_LIBRARY = "libc++";
				CLANG_ENABLE_MODULES = YES;
				CLANG_ENABLE_OBJC_ARC = YES;
				CLANG_ENABLE_OBJC_WEAK = YES;
				CLANG_WARN_BLOCK_CAPTURE_AUTORELEASING = YES;
				CLANG_WARN_BOOL_CONVERSION = YES;
				CLANG_WARN_COMMA = YES;
				CLANG_WARN_CONSTANT_CONVERSION = YES;
				CLANG_WARN_DEPRECATED_OBJC_IMPLEMENTATIONS = YES;
				CLANG_WARN_DIRECT_OBJC_ISA_USAGE = YES_ERROR;
				CLANG_WARN_DOCUMENTATION_COMMENTS = YES;
				CLANG_WARN_EMPTY_BODY = YES;
				CLANG_WARN_ENUM_CONVERSION = YES;
				CLANG_WARN_INFINITE_RECURSION = YES;
				CLANG_WARN_INT_CONVERSION = YES;
				CLANG_WARN_NON_LITERAL_NULL_CONVERSION = YES;
				CLANG_WARN_OBJC_IMPLICIT_RETAIN_SELF = YES;
				CLANG_WARN_OBJC_LITERAL_CONVERSION = YES;
				CLANG_WARN_OBJC_ROOT_CLASS = YES_ERROR;
				CLANG_WARN_RANGE_LOOP_ANALYSIS = YES;
				CLANG_WARN_STRICT_PROTOTYPES = YES;
				CLANG_WARN_SUSPICIOUS_MOVE = YES;
				CLANG_WARN_UNGUARDED_AVAILABILITY = YES_AGGRESSIVE;
				CLANG_WARN_UNREACHABLE_CODE = YES;
				CLANG_WARN__DUPLICATE_METHOD_MATCH = YES;
				COPY_PHASE_STRIP = NO;
				DEBUG_INFORMATION_FORMAT = "dwarf-with-dsym";
				ENABLE_NS_ASSERTIONS = NO;
				ENABLE_STRICT_OBJC_MSGSEND = YES;
				GCC_C_LANGUAGE_STANDARD = gnu11;
				GCC_NO_COMMON_BLOCKS = YES;
				GCC_WARN_64_TO_32_BIT_CONVERSION = YES;
				GCC_WARN_ABOUT_RETURN_TYPE = YES_ERROR;
				GCC_WARN_UNDECLARED_SELECTOR = YES;
				GCC_WARN_UNINITIALIZED_AUTOS = YES_AGGRESSIVE;
				GCC_WARN_UNUSED_FUNCTION = YES;
				GCC_WARN_UNUSED_VARIABLE = YES;
				IPHONEOS_DEPLOYMENT_TARGET = 13.6;
				MTL_ENABLE_DEBUG_INFO = NO;
				MTL_FAST_MATH = YES;
				SDKROOT = iphoneos;
				SWIFT_COMPILATION_MODE = wholemodule;
				SWIFT_OPTIMIZATION_LEVEL = "-O";
				VALIDATE_PRODUCT = YES;
			};
			name = Release;
		};
		BAD9086A24D1CD5900D447A0 /* Debug */ = {
			isa = XCBuildConfiguration;
			buildSettings = {
				ASSETCATALOG_COMPILER_APPICON_NAME = AppIcon;
				CODE_SIGN_STYLE = Automatic;
				DEVELOPMENT_TEAM = 62KXKW7DBU;
				INFOPLIST_FILE = "WeatherApp/Supporting files/Info.plist";
				LD_RUNPATH_SEARCH_PATHS = (
					"$(inherited)",
					"@executable_path/Frameworks",
				);
				PRODUCT_BUNDLE_IDENTIFIER = com.artemiy.WeatherApp;
				PRODUCT_NAME = Weather;
				SWIFT_VERSION = 5.0;
				TARGETED_DEVICE_FAMILY = "1,2";
			};
			name = Debug;
		};
		BAD9086B24D1CD5900D447A0 /* Release */ = {
			isa = XCBuildConfiguration;
			buildSettings = {
				ASSETCATALOG_COMPILER_APPICON_NAME = AppIcon;
				CODE_SIGN_STYLE = Automatic;
				DEVELOPMENT_TEAM = 62KXKW7DBU;
				INFOPLIST_FILE = "WeatherApp/Supporting files/Info.plist";
				LD_RUNPATH_SEARCH_PATHS = (
					"$(inherited)",
					"@executable_path/Frameworks",
				);
				PRODUCT_BUNDLE_IDENTIFIER = com.artemiy.WeatherApp;
				PRODUCT_NAME = Weather;
				SWIFT_VERSION = 5.0;
				TARGETED_DEVICE_FAMILY = "1,2";
			};
			name = Release;
		};
/* End XCBuildConfiguration section */

/* Begin XCConfigurationList section */
		BAD9085024D1CD5400D447A0 /* Build configuration list for PBXProject "WeatherApp" */ = {
			isa = XCConfigurationList;
			buildConfigurations = (
				BAD9086724D1CD5900D447A0 /* Debug */,
				BAD9086824D1CD5900D447A0 /* Release */,
			);
			defaultConfigurationIsVisible = 0;
			defaultConfigurationName = Release;
		};
		BAD9086924D1CD5900D447A0 /* Build configuration list for PBXNativeTarget "WeatherApp" */ = {
			isa = XCConfigurationList;
			buildConfigurations = (
				BAD9086A24D1CD5900D447A0 /* Debug */,
				BAD9086B24D1CD5900D447A0 /* Release */,
			);
			defaultConfigurationIsVisible = 0;
			defaultConfigurationName = Release;
		};
/* End XCConfigurationList section */

/* Begin XCVersionGroup section */
		BA5105DF24D40B0600A98B77 /* DataModel.xcdatamodeld */ = {
			isa = XCVersionGroup;
			children = (
				BA5105E024D40B0600A98B77 /* DataModel.xcdatamodel */,
			);
			currentVersion = BA5105E024D40B0600A98B77 /* DataModel.xcdatamodel */;
			path = DataModel.xcdatamodeld;
			sourceTree = "<group>";
			versionGroupType = wrapper.xcdatamodel;
		};
/* End XCVersionGroup section */
	};
	rootObject = BAD9084D24D1CD5400D447A0 /* Project object */;
}
